// !$*UTF8*$!
{
	archiveVersion = 1;
	classes = {
	};
	objectVersion = 46;
	objects = {

/* Begin PBXBuildFile section */
		695950531D359FF600FB5BAC /* main.m in Sources */ = {isa = PBXBuildFile; fileRef = 695950521D359FF600FB5BAC /* main.m */; };
		695950561D359FF600FB5BAC /* AppDelegate.m in Sources */ = {isa = PBXBuildFile; fileRef = 695950551D359FF600FB5BAC /* AppDelegate.m */; };
		695950591D359FF600FB5BAC /* ViewController.m in Sources */ = {isa = PBXBuildFile; fileRef = 695950581D359FF600FB5BAC /* ViewController.m */; };
		6959505C1D359FF600FB5BAC /* Main.storyboard in Resources */ = {isa = PBXBuildFile; fileRef = 6959505A1D359FF600FB5BAC /* Main.storyboard */; };
		6959505E1D359FF600FB5BAC /* Assets.xcassets in Resources */ = {isa = PBXBuildFile; fileRef = 6959505D1D359FF600FB5BAC /* Assets.xcassets */; };
		695950611D359FF600FB5BAC /* LaunchScreen.storyboard in Resources */ = {isa = PBXBuildFile; fileRef = 6959505F1D359FF600FB5BAC /* LaunchScreen.storyboard */; };
		6959506D1D35A04100FB5BAC /* DGUserDefaults.m in Sources */ = {isa = PBXBuildFile; fileRef = 6959506C1D35A04100FB5BAC /* DGUserDefaults.m */; };
/* End PBXBuildFile section */

/* Begin PBXFileReference section */
		6959504E1D359FF600FB5BAC /* DGUserDefaults.app */ = {isa = PBXFileReference; explicitFileType = wrapper.application; includeInIndex = 0; path = DGUserDefaults.app; sourceTree = BUILT_PRODUCTS_DIR; };
		695950521D359FF600FB5BAC /* main.m */ = {isa = PBXFileReference; lastKnownFileType = sourcecode.c.objc; path = main.m; sourceTree = "<group>"; };
		695950541D359FF600FB5BAC /* AppDelegate.h */ = {isa = PBXFileReference; lastKnownFileType = sourcecode.c.h; path = AppDelegate.h; sourceTree = "<group>"; };
		695950551D359FF600FB5BAC /* AppDelegate.m */ = {isa = PBXFileReference; lastKnownFileType = sourcecode.c.objc; path = AppDelegate.m; sourceTree = "<group>"; };
		695950571D359FF600FB5BAC /* ViewController.h */ = {isa = PBXFileReference; lastKnownFileType = sourcecode.c.h; path = ViewController.h; sourceTree = "<group>"; };
		695950581D359FF600FB5BAC /* ViewController.m */ = {isa = PBXFileReference; lastKnownFileType = sourcecode.c.objc; path = ViewController.m; sourceTree = "<group>"; };
		6959505B1D359FF600FB5BAC /* Base */ = {isa = PBXFileReference; lastKnownFileType = file.storyboard; name = Base; path = Base.lproj/Main.storyboard; sourceTree = "<group>"; };
		6959505D1D359FF600FB5BAC /* Assets.xcassets */ = {isa = PBXFileReference; lastKnownFileType = folder.assetcatalog; path = Assets.xcassets; sourceTree = "<group>"; };
		695950601D359FF600FB5BAC /* Base */ = {isa = PBXFileReference; lastKnownFileType = file.storyboard; name = Base; path = Base.lproj/LaunchScreen.storyboard; sourceTree = "<group>"; };
		695950621D359FF600FB5BAC /* Info.plist */ = {isa = PBXFileReference; lastKnownFileType = text.plist.xml; path = Info.plist; sourceTree = "<group>"; };
		6959506B1D35A04100FB5BAC /* DGUserDefaults.h */ = {isa = PBXFileReference; fileEncoding = 4; lastKnownFileType = sourcecode.c.h; path = DGUserDefaults.h; sourceTree = "<group>"; };
		6959506C1D35A04100FB5BAC /* DGUserDefaults.m */ = {isa = PBXFileReference; fileEncoding = 4; lastKnownFileType = sourcecode.c.objc; path = DGUserDefaults.m; sourceTree = "<group>"; };
/* End PBXFileReference section */

/* Begin PBXFrameworksBuildPhase section */
		6959504B1D359FF600FB5BAC /* Frameworks */ = {
			isa = PBXFrameworksBuildPhase;
			buildActionMask = 2147483647;
			files = (
			);
			runOnlyForDeploymentPostprocessing = 0;
		};
/* End PBXFrameworksBuildPhase section */

/* Begin PBXGroup section */
		695950451D359FF500FB5BAC = {
			isa = PBXGroup;
			children = (
				695950501D359FF600FB5BAC /* DGUserDefaults */,
				6959504F1D359FF600FB5BAC /* Products */,
			);
			sourceTree = "<group>";
		};
		6959504F1D359FF600FB5BAC /* Products */ = {
			isa = PBXGroup;
			children = (
				6959504E1D359FF600FB5BAC /* DGUserDefaults.app */,
			);
			name = Products;
			sourceTree = "<group>";
		};
		695950501D359FF600FB5BAC /* DGUserDefaults */ = {
			isa = PBXGroup;
			children = (
				6959506B1D35A04100FB5BAC /* DGUserDefaults.h */,
				6959506C1D35A04100FB5BAC /* DGUserDefaults.m */,
				695950681D35A00000FB5BAC /* App Global */,
				695950691D35A00E00FB5BAC /* Controller */,
				6959506A1D35A01900FB5BAC /* View */,
				695950511D359FF600FB5BAC /* Supporting Files */,
			);
			path = DGUserDefaults;
			sourceTree = "<group>";
		};
		695950511D359FF600FB5BAC /* Supporting Files */ = {
			isa = PBXGroup;
			children = (
				695950521D359FF600FB5BAC /* main.m */,
			);
			name = "Supporting Files";
			sourceTree = "<group>";
		};
		695950681D35A00000FB5BAC /* App Global */ = {
			isa = PBXGroup;
			children = (
				6959505D1D359FF600FB5BAC /* Assets.xcassets */,
				695950541D359FF600FB5BAC /* AppDelegate.h */,
				695950551D359FF600FB5BAC /* AppDelegate.m */,
				695950621D359FF600FB5BAC /* Info.plist */,
			);
			name = "App Global";
			sourceTree = "<group>";
		};
		695950691D35A00E00FB5BAC /* Controller */ = {
			isa = PBXGroup;
			children = (
				695950571D359FF600FB5BAC /* ViewController.h */,
				695950581D359FF600FB5BAC /* ViewController.m */,
			);
			name = Controller;
			sourceTree = "<group>";
		};
		6959506A1D35A01900FB5BAC /* View */ = {
			isa = PBXGroup;
			children = (
				6959505A1D359FF600FB5BAC /* Main.storyboard */,
				6959505F1D359FF600FB5BAC /* LaunchScreen.storyboard */,
			);
			name = View;
			sourceTree = "<group>";
		};
/* End PBXGroup section */

/* Begin PBXNativeTarget section */
		6959504D1D359FF600FB5BAC /* DGUserDefaults */ = {
			isa = PBXNativeTarget;
			buildConfigurationList = 695950651D359FF600FB5BAC /* Build configuration list for PBXNativeTarget "DGUserDefaults" */;
			buildPhases = (
				6959504A1D359FF600FB5BAC /* Sources */,
				6959504B1D359FF600FB5BAC /* Frameworks */,
				6959504C1D359FF600FB5BAC /* Resources */,
			);
			buildRules = (
			);
			dependencies = (
			);
			name = DGUserDefaults;
			productName = DGUserDefaults;
			productReference = 6959504E1D359FF600FB5BAC /* DGUserDefaults.app */;
			productType = "com.apple.product-type.application";
		};
/* End PBXNativeTarget section */

/* Begin PBXProject section */
		695950461D359FF500FB5BAC /* Project object */ = {
			isa = PBXProject;
			attributes = {
				LastUpgradeCheck = 0730;
				ORGANIZATIONNAME = "Derek Graham";
				TargetAttributes = {
					6959504D1D359FF600FB5BAC = {
						CreatedOnToolsVersion = 7.3.1;
					};
				};
			};
			buildConfigurationList = 695950491D359FF500FB5BAC /* Build configuration list for PBXProject "DGUserDefaults" */;
			compatibilityVersion = "Xcode 3.2";
			developmentRegion = English;
			hasScannedForEncodings = 0;
			knownRegions = (
				en,
				Base,
			);
			mainGroup = 695950451D359FF500FB5BAC;
			productRefGroup = 6959504F1D359FF600FB5BAC /* Products */;
			projectDirPath = "";
			projectRoot = "";
			targets = (
				6959504D1D359FF600FB5BAC /* DGUserDefaults */,
			);
		};
/* End PBXProject section */

/* Begin PBXResourcesBuildPhase section */
		6959504C1D359FF600FB5BAC /* Resources */ = {
			isa = PBXResourcesBuildPhase;
			buildActionMask = 2147483647;
			files = (
				695950611D359FF600FB5BAC /* LaunchScreen.storyboard in Resources */,
				6959505E1D359FF600FB5BAC /* Assets.xcassets in Resources */,
				6959505C1D359FF600FB5BAC /* Main.storyboard in Resources */,
			);
			runOnlyForDeploymentPostprocessing = 0;
		};
/* End PBXResourcesBuildPhase section */

/* Begin PBXSourcesBuildPhase section */
		6959504A1D359FF600FB5BAC /* Sources */ = {
			isa = PBXSourcesBuildPhase;
			buildActionMask = 2147483647;
			files = (
				695950591D359FF600FB5BAC /* ViewController.m in Sources */,
				6959506D1D35A04100FB5BAC /* DGUserDefaults.m in Sources */,
				695950561D359FF600FB5BAC /* AppDelegate.m in Sources */,
				695950531D359FF600FB5BAC /* main.m in Sources */,
			);
			runOnlyForDeploymentPostprocessing = 0;
		};
/* End PBXSourcesBuildPhase section */

/* Begin PBXVariantGroup section */
		6959505A1D359FF600FB5BAC /* Main.storyboard */ = {
			isa = PBXVariantGroup;
			children = (
				6959505B1D359FF600FB5BAC /* Base */,
			);
			name = Main.storyboard;
			sourceTree = "<group>";
		};
		6959505F1D359FF600FB5BAC /* LaunchScreen.storyboard */ = {
			isa = PBXVariantGroup;
			children = (
				695950601D359FF600FB5BAC /* Base */,
			);
			name = LaunchScreen.storyboard;
			sourceTree = "<group>";
		};
/* End PBXVariantGroup section */

/* Begin XCBuildConfiguration section */
		695950631D359FF600FB5BAC /* Debug */ = {
			isa = XCBuildConfiguration;
			buildSettings = {
				ALWAYS_SEARCH_USER_PATHS = NO;
				CLANG_ANALYZER_NONNULL = YES;
				CLANG_CXX_LANGUAGE_STANDARD = "gnu++0x";
				CLANG_CXX_LIBRARY = "libc++";
				CLANG_ENABLE_MODULES = YES;
				CLANG_ENABLE_OBJC_ARC = YES;
				CLANG_WARN_BOOL_CONVERSION = YES;
				CLANG_WARN_CONSTANT_CONVERSION = YES;
				CLANG_WARN_DIRECT_OBJC_ISA_USAGE = YES_ERROR;
				CLANG_WARN_EMPTY_BODY = YES;
				CLANG_WARN_ENUM_CONVERSION = YES;
				CLANG_WARN_INT_CONVERSION = YES;
				CLANG_WARN_OBJC_ROOT_CLASS = YES_ERROR;
				CLANG_WARN_UNREACHABLE_CODE = YES;
				CLANG_WARN__DUPLICATE_METHOD_MATCH = YES;
				"CODE_SIGN_IDENTITY[sdk=iphoneos*]" = "iPhone Developer";
				COPY_PHASE_STRIP = NO;
				DEBUG_INFORMATION_FORMAT = dwarf;
				ENABLE_STRICT_OBJC_MSGSEND = YES;
				ENABLE_TESTABILITY = YES;
				GCC_C_LANGUAGE_STANDARD = gnu99;
				GCC_DYNAMIC_NO_PIC = NO;
				GCC_NO_COMMON_BLOCKS = YES;
				GCC_OPTIMIZATION_LEVEL = 0;
				GCC_PREPROCESSOR_DEFINITIONS = (
					"DEBUG=1",
					"$(inherited)",
				);
				GCC_WARN_64_TO_32_BIT_CONVERSION = YES;
				GCC_WARN_ABOUT_RETURN_TYPE = YES_ERROR;
				GCC_WARN_UNDECLARED_SELECTOR = YES;
				GCC_WARN_UNINITIALIZED_AUTOS = YES_AGGRESSIVE;
				GCC_WARN_UNUSED_FUNCTION = YES;
				GCC_WARN_UNUSED_VARIABLE = YES;
				IPHONEOS_DEPLOYMENT_TARGET = 9.3;
				MTL_ENABLE_DEBUG_INFO = YES;
				ONLY_ACTIVE_ARCH = YES;
				SDKROOT = iphoneos;
				TARGETED_DEVICE_FAMILY = "1,2";
			};
			name = Debug;
		};
		695950641D359FF600FB5BAC /* Release */ = {
			isa = XCBuildConfiguration;
			buildSettings = {
				ALWAYS_SEARCH_USER_PATHS = NO;
				CLANG_ANALYZER_NONNULL = YES;
				CLANG_CXX_LANGUAGE_STANDARD = "gnu++0x";
				CLANG_CXX_LIBRARY = "libc++";
				CLANG_ENABLE_MODULES = YES;
				CLANG_ENABLE_OBJC_ARC = YES;
				CLANG_WARN_BOOL_CONVERSION = YES;
				CLANG_WARN_CONSTANT_CONVERSION = YES;
				CLANG_WARN_DIRECT_OBJC_ISA_USAGE = YES_ERROR;
				CLANG_WARN_EMPTY_BODY = YES;
				CLANG_WARN_ENUM_CONVERSION = YES;
				CLANG_WARN_INT_CONVERSION = YES;
				CLANG_WARN_OBJC_ROOT_CLASS = YES_ERROR;
				CLANG_WARN_UNREACHABLE_CODE = YES;
				CLANG_WARN__DUPLICATE_METHOD_MATCH = YES;
				"CODE_SIGN_IDENTITY[sdk=iphoneos*]" = "iPhone Developer";
				COPY_PHASE_STRIP = NO;
				DEBUG_INFORMATION_FORMAT = "dwarf-with-dsym";
				ENABLE_NS_ASSERTIONS = NO;
				ENABLE_STRICT_OBJC_MSGSEND = YES;
				GCC_C_LANGUAGE_STANDARD = gnu99;
				GCC_NO_COMMON_BLOCKS = YES;
				GCC_WARN_64_TO_32_BIT_CONVERSION = YES;
				GCC_WARN_ABOUT_RETURN_TYPE = YES_ERROR;
				GCC_WARN_UNDECLARED_SELECTOR = YES;
				GCC_WARN_UNINITIALIZED_AUTOS = YES_AGGRESSIVE;
				GCC_WARN_UNUSED_FUNCTION = YES;
				GCC_WARN_UNUSED_VARIABLE = YES;
				IPHONEOS_DEPLOYMENT_TARGET = 9.3;
				MTL_ENABLE_DEBUG_INFO = NO;
				SDKROOT = iphoneos;
				TARGETED_DEVICE_FAMILY = "1,2";
				VALIDATE_PRODUCT = YES;
			};
			name = Release;
		};
		695950661D359FF600FB5BAC /* Debug */ = {
			isa = XCBuildConfiguration;
			buildSettings = {
				ASSETCATALOG_COMPILER_APPICON_NAME = AppIcon;
				INFOPLIST_FILE = DGUserDefaults/Info.plist;
				LD_RUNPATH_SEARCH_PATHS = "$(inherited) @executable_path/Frameworks";
				PRODUCT_BUNDLE_IDENTIFIER = com.derekgraham.DGUserDefaults;
				PRODUCT_NAME = "$(TARGET_NAME)";
			};
			name = Debug;
		};
		695950671D359FF600FB5BAC /* Release */ = {
			isa = XCBuildConfiguration;
			buildSettings = {
				ASSETCATALOG_COMPILER_APPICON_NAME = AppIcon;
				INFOPLIST_FILE = DGUserDefaults/Info.plist;
				LD_RUNPATH_SEARCH_PATHS = "$(inherited) @executable_path/Frameworks";
				PRODUCT_BUNDLE_IDENTIFIER = com.derekgraham.DGUserDefaults;
				PRODUCT_NAME = "$(TARGET_NAME)";
			};
			name = Release;
		};
/* End XCBuildConfiguration section */

/* Begin XCConfigurationList section */
		695950491D359FF500FB5BAC /* Build configuration list for PBXProject "DGUserDefaults" */ = {
			isa = XCConfigurationList;
			buildConfigurations = (
				695950631D359FF600FB5BAC /* Debug */,
				695950641D359FF600FB5BAC /* Release */,
			);
			defaultConfigurationIsVisible = 0;
			defaultConfigurationName = Release;
		};
		695950651D359FF600FB5BAC /* Build configuration list for PBXNativeTarget "DGUserDefaults" */ = {
			isa = XCConfigurationList;
			buildConfigurations = (
				695950661D359FF600FB5BAC /* Debug */,
				695950671D359FF600FB5BAC /* Release */,
			);
			defaultConfigurationIsVisible = 0;
		};
/* End XCConfigurationList section */
	};
	rootObject = 695950461D359FF500FB5BAC /* Project object */;
}
