// !$*UTF8*$!
{
	archiveVersion = 1;
	classes = {
	};
	objectVersion = 46;
	objects = {

/* Begin PBXBuildFile section */
		D9CC69001D35839A001D4294 /* main.m in Sources */ = {isa = PBXBuildFile; fileRef = D9CC68FF1D35839A001D4294 /* main.m */; };
		D9CC69031D35839A001D4294 /* AppDelegate.m in Sources */ = {isa = PBXBuildFile; fileRef = D9CC69021D35839A001D4294 /* AppDelegate.m */; };
		D9CC69061D35839A001D4294 /* ViewController.m in Sources */ = {isa = PBXBuildFile; fileRef = D9CC69051D35839A001D4294 /* ViewController.m */; };
		D9CC69091D35839A001D4294 /* Main.storyboard in Resources */ = {isa = PBXBuildFile; fileRef = D9CC69071D35839A001D4294 /* Main.storyboard */; };
		D9CC690B1D35839A001D4294 /* Assets.xcassets in Resources */ = {isa = PBXBuildFile; fileRef = D9CC690A1D35839A001D4294 /* Assets.xcassets */; };
		D9CC690E1D35839A001D4294 /* LaunchScreen.storyboard in Resources */ = {isa = PBXBuildFile; fileRef = D9CC690C1D35839A001D4294 /* LaunchScreen.storyboard */; };
		D9CC691B1D3585B4001D4294 /* Contact.m in Sources */ = {isa = PBXBuildFile; fileRef = D9CC691A1D3585B4001D4294 /* Contact.m */; };
		D9CC691E1D35887C001D4294 /* UserDefault.m in Sources */ = {isa = PBXBuildFile; fileRef = D9CC691D1D35887C001D4294 /* UserDefault.m */; };
/* End PBXBuildFile section */

/* Begin PBXFileReference section */
		D9CC68FB1D35839A001D4294 /* AdressBook.app */ = {isa = PBXFileReference; explicitFileType = wrapper.application; includeInIndex = 0; path = AdressBook.app; sourceTree = BUILT_PRODUCTS_DIR; };
		D9CC68FF1D35839A001D4294 /* main.m */ = {isa = PBXFileReference; lastKnownFileType = sourcecode.c.objc; path = main.m; sourceTree = "<group>"; };
		D9CC69011D35839A001D4294 /* AppDelegate.h */ = {isa = PBXFileReference; lastKnownFileType = sourcecode.c.h; path = AppDelegate.h; sourceTree = "<group>"; };
		D9CC69021D35839A001D4294 /* AppDelegate.m */ = {isa = PBXFileReference; lastKnownFileType = sourcecode.c.objc; path = AppDelegate.m; sourceTree = "<group>"; };
		D9CC69041D35839A001D4294 /* ViewController.h */ = {isa = PBXFileReference; lastKnownFileType = sourcecode.c.h; path = ViewController.h; sourceTree = "<group>"; };
		D9CC69051D35839A001D4294 /* ViewController.m */ = {isa = PBXFileReference; lastKnownFileType = sourcecode.c.objc; path = ViewController.m; sourceTree = "<group>"; };
		D9CC69081D35839A001D4294 /* Base */ = {isa = PBXFileReference; lastKnownFileType = file.storyboard; name = Base; path = Base.lproj/Main.storyboard; sourceTree = "<group>"; };
		D9CC690A1D35839A001D4294 /* Assets.xcassets */ = {isa = PBXFileReference; lastKnownFileType = folder.assetcatalog; path = Assets.xcassets; sourceTree = "<group>"; };
		D9CC690D1D35839A001D4294 /* Base */ = {isa = PBXFileReference; lastKnownFileType = file.storyboard; name = Base; path = Base.lproj/LaunchScreen.storyboard; sourceTree = "<group>"; };
		D9CC690F1D35839A001D4294 /* Info.plist */ = {isa = PBXFileReference; lastKnownFileType = text.plist.xml; path = Info.plist; sourceTree = "<group>"; };
		D9CC69191D3585B4001D4294 /* Contact.h */ = {isa = PBXFileReference; fileEncoding = 4; lastKnownFileType = sourcecode.c.h; path = Contact.h; sourceTree = "<group>"; };
		D9CC691A1D3585B4001D4294 /* Contact.m */ = {isa = PBXFileReference; fileEncoding = 4; lastKnownFileType = sourcecode.c.objc; path = Contact.m; sourceTree = "<group>"; };
		D9CC691C1D35887C001D4294 /* UserDefault.h */ = {isa = PBXFileReference; fileEncoding = 4; lastKnownFileType = sourcecode.c.h; path = UserDefault.h; sourceTree = "<group>"; };
		D9CC691D1D35887C001D4294 /* UserDefault.m */ = {isa = PBXFileReference; fileEncoding = 4; lastKnownFileType = sourcecode.c.objc; path = UserDefault.m; sourceTree = "<group>"; };
/* End PBXFileReference section */

/* Begin PBXFrameworksBuildPhase section */
		D9CC68F81D35839A001D4294 /* Frameworks */ = {
			isa = PBXFrameworksBuildPhase;
			buildActionMask = 2147483647;
			files = (
			);
			runOnlyForDeploymentPostprocessing = 0;
		};
/* End PBXFrameworksBuildPhase section */

/* Begin PBXGroup section */
		D9CC68F21D35839A001D4294 = {
			isa = PBXGroup;
			children = (
				D9CC68FD1D35839A001D4294 /* AdressBook */,
				D9CC68FC1D35839A001D4294 /* Products */,
			);
			sourceTree = "<group>";
		};
		D9CC68FC1D35839A001D4294 /* Products */ = {
			isa = PBXGroup;
			children = (
				D9CC68FB1D35839A001D4294 /* AdressBook.app */,
			);
			name = Products;
			sourceTree = "<group>";
		};
		D9CC68FD1D35839A001D4294 /* AdressBook */ = {
			isa = PBXGroup;
			children = (
				D9CC69151D3583DB001D4294 /* App Global */,
				D9CC69161D3583E6001D4294 /* Controller */,
				D9CC69181D35859D001D4294 /* Model */,
				D9CC69171D3583F4001D4294 /* View */,
				D9CC68FE1D35839A001D4294 /* Supporting Files */,
			);
			path = AdressBook;
			sourceTree = "<group>";
		};
		D9CC68FE1D35839A001D4294 /* Supporting Files */ = {
			isa = PBXGroup;
			children = (
				D9CC68FF1D35839A001D4294 /* main.m */,
				D9CC691C1D35887C001D4294 /* UserDefault.h */,
				D9CC691D1D35887C001D4294 /* UserDefault.m */,
			);
			name = "Supporting Files";
			sourceTree = "<group>";
		};
		D9CC69151D3583DB001D4294 /* App Global */ = {
			isa = PBXGroup;
			children = (
				D9CC69011D35839A001D4294 /* AppDelegate.h */,
				D9CC69021D35839A001D4294 /* AppDelegate.m */,
				D9CC690A1D35839A001D4294 /* Assets.xcassets */,
				D9CC690F1D35839A001D4294 /* Info.plist */,
			);
			name = "App Global";
			sourceTree = "<group>";
		};
		D9CC69161D3583E6001D4294 /* Controller */ = {
			isa = PBXGroup;
			children = (
				D9CC69041D35839A001D4294 /* ViewController.h */,
				D9CC69051D35839A001D4294 /* ViewController.m */,
			);
			name = Controller;
			sourceTree = "<group>";
		};
		D9CC69171D3583F4001D4294 /* View */ = {
			isa = PBXGroup;
			children = (
				D9CC69071D35839A001D4294 /* Main.storyboard */,
				D9CC690C1D35839A001D4294 /* LaunchScreen.storyboard */,
			);
			name = View;
			sourceTree = "<group>";
		};
		D9CC69181D35859D001D4294 /* Model */ = {
			isa = PBXGroup;
			children = (
				D9CC69191D3585B4001D4294 /* Contact.h */,
				D9CC691A1D3585B4001D4294 /* Contact.m */,
			);
			name = Model;
			sourceTree = "<group>";
		};
/* End PBXGroup section */

/* Begin PBXNativeTarget section */
		D9CC68FA1D35839A001D4294 /* AdressBook */ = {
			isa = PBXNativeTarget;
			buildConfigurationList = D9CC69121D35839A001D4294 /* Build configuration list for PBXNativeTarget "AdressBook" */;
			buildPhases = (
				D9CC68F71D35839A001D4294 /* Sources */,
				D9CC68F81D35839A001D4294 /* Frameworks */,
				D9CC68F91D35839A001D4294 /* Resources */,
			);
			buildRules = (
			);
			dependencies = (
			);
			name = AdressBook;
			productName = AdressBook;
			productReference = D9CC68FB1D35839A001D4294 /* AdressBook.app */;
			productType = "com.apple.product-type.application";
		};
/* End PBXNativeTarget section */

/* Begin PBXProject section */
		D9CC68F31D35839A001D4294 /* Project object */ = {
			isa = PBXProject;
			attributes = {
				LastUpgradeCheck = 0730;
				ORGANIZATIONNAME = "Jess Malesh";
				TargetAttributes = {
					D9CC68FA1D35839A001D4294 = {
						CreatedOnToolsVersion = 7.3.1;
					};
				};
			};
			buildConfigurationList = D9CC68F61D35839A001D4294 /* Build configuration list for PBXProject "AdressBook" */;
			compatibilityVersion = "Xcode 3.2";
			developmentRegion = English;
			hasScannedForEncodings = 0;
			knownRegions = (
				en,
				Base,
			);
			mainGroup = D9CC68F21D35839A001D4294;
			productRefGroup = D9CC68FC1D35839A001D4294 /* Products */;
			projectDirPath = "";
			projectRoot = "";
			targets = (
				D9CC68FA1D35839A001D4294 /* AdressBook */,
			);
		};
/* End PBXProject section */

/* Begin PBXResourcesBuildPhase section */
		D9CC68F91D35839A001D4294 /* Resources */ = {
			isa = PBXResourcesBuildPhase;
			buildActionMask = 2147483647;
			files = (
				D9CC690E1D35839A001D4294 /* LaunchScreen.storyboard in Resources */,
				D9CC690B1D35839A001D4294 /* Assets.xcassets in Resources */,
				D9CC69091D35839A001D4294 /* Main.storyboard in Resources */,
			);
			runOnlyForDeploymentPostprocessing = 0;
		};
/* End PBXResourcesBuildPhase section */

/* Begin PBXSourcesBuildPhase section */
		D9CC68F71D35839A001D4294 /* Sources */ = {
			isa = PBXSourcesBuildPhase;
			buildActionMask = 2147483647;
			files = (
				D9CC691B1D3585B4001D4294 /* Contact.m in Sources */,
				D9CC691E1D35887C001D4294 /* UserDefault.m in Sources */,
				D9CC69061D35839A001D4294 /* ViewController.m in Sources */,
				D9CC69031D35839A001D4294 /* AppDelegate.m in Sources */,
				D9CC69001D35839A001D4294 /* main.m in Sources */,
			);
			runOnlyForDeploymentPostprocessing = 0;
		};
/* End PBXSourcesBuildPhase section */

/* Begin PBXVariantGroup section */
		D9CC69071D35839A001D4294 /* Main.storyboard */ = {
			isa = PBXVariantGroup;
			children = (
				D9CC69081D35839A001D4294 /* Base */,
			);
			name = Main.storyboard;
			sourceTree = "<group>";
		};
		D9CC690C1D35839A001D4294 /* LaunchScreen.storyboard */ = {
			isa = PBXVariantGroup;
			children = (
				D9CC690D1D35839A001D4294 /* Base */,
			);
			name = LaunchScreen.storyboard;
			sourceTree = "<group>";
		};
/* End PBXVariantGroup section */

/* Begin XCBuildConfiguration section */
		D9CC69101D35839A001D4294 /* Debug */ = {
			isa = XCBuildConfiguration;
			buildSettings = {
				ALWAYS_SEARCH_USER_PATHS = NO;
				CLANG_ANALYZER_NONNULL = YES;
				CLANG_CXX_LANGUAGE_STANDARD = "gnu++0x";
				CLANG_CXX_LIBRARY = "libc++";
				CLANG_ENABLE_MODULES = YES;
				CLANG_ENABLE_OBJC_ARC = YES;
				CLANG_WARN_BOOL_CONVERSION = YES;
				CLANG_WARN_CONSTANT_CONVERSION = YES;
				CLANG_WARN_DIRECT_OBJC_ISA_USAGE = YES_ERROR;
				CLANG_WARN_EMPTY_BODY = YES;
				CLANG_WARN_ENUM_CONVERSION = YES;
				CLANG_WARN_INT_CONVERSION = YES;
				CLANG_WARN_OBJC_ROOT_CLASS = YES_ERROR;
				CLANG_WARN_UNREACHABLE_CODE = YES;
				CLANG_WARN__DUPLICATE_METHOD_MATCH = YES;
				"CODE_SIGN_IDENTITY[sdk=iphoneos*]" = "iPhone Developer";
				COPY_PHASE_STRIP = NO;
				DEBUG_INFORMATION_FORMAT = dwarf;
				ENABLE_STRICT_OBJC_MSGSEND = YES;
				ENABLE_TESTABILITY = YES;
				GCC_C_LANGUAGE_STANDARD = gnu99;
				GCC_DYNAMIC_NO_PIC = NO;
				GCC_NO_COMMON_BLOCKS = YES;
				GCC_OPTIMIZATION_LEVEL = 0;
				GCC_PREPROCESSOR_DEFINITIONS = (
					"DEBUG=1",
					"$(inherited)",
				);
				GCC_WARN_64_TO_32_BIT_CONVERSION = YES;
				GCC_WARN_ABOUT_RETURN_TYPE = YES_ERROR;
				GCC_WARN_UNDECLARED_SELECTOR = YES;
				GCC_WARN_UNINITIALIZED_AUTOS = YES_AGGRESSIVE;
				GCC_WARN_UNUSED_FUNCTION = YES;
				GCC_WARN_UNUSED_VARIABLE = YES;
				IPHONEOS_DEPLOYMENT_TARGET = 9.3;
				MTL_ENABLE_DEBUG_INFO = YES;
				ONLY_ACTIVE_ARCH = YES;
				SDKROOT = iphoneos;
				TARGETED_DEVICE_FAMILY = "1,2";
			};
			name = Debug;
		};
		D9CC69111D35839A001D4294 /* Release */ = {
			isa = XCBuildConfiguration;
			buildSettings = {
				ALWAYS_SEARCH_USER_PATHS = NO;
				CLANG_ANALYZER_NONNULL = YES;
				CLANG_CXX_LANGUAGE_STANDARD = "gnu++0x";
				CLANG_CXX_LIBRARY = "libc++";
				CLANG_ENABLE_MODULES = YES;
				CLANG_ENABLE_OBJC_ARC = YES;
				CLANG_WARN_BOOL_CONVERSION = YES;
				CLANG_WARN_CONSTANT_CONVERSION = YES;
				CLANG_WARN_DIRECT_OBJC_ISA_USAGE = YES_ERROR;
				CLANG_WARN_EMPTY_BODY = YES;
				CLANG_WARN_ENUM_CONVERSION = YES;
				CLANG_WARN_INT_CONVERSION = YES;
				CLANG_WARN_OBJC_ROOT_CLASS = YES_ERROR;
				CLANG_WARN_UNREACHABLE_CODE = YES;
				CLANG_WARN__DUPLICATE_METHOD_MATCH = YES;
				"CODE_SIGN_IDENTITY[sdk=iphoneos*]" = "iPhone Developer";
				COPY_PHASE_STRIP = NO;
				DEBUG_INFORMATION_FORMAT = "dwarf-with-dsym";
				ENABLE_NS_ASSERTIONS = NO;
				ENABLE_STRICT_OBJC_MSGSEND = YES;
				GCC_C_LANGUAGE_STANDARD = gnu99;
				GCC_NO_COMMON_BLOCKS = YES;
				GCC_WARN_64_TO_32_BIT_CONVERSION = YES;
				GCC_WARN_ABOUT_RETURN_TYPE = YES_ERROR;
				GCC_WARN_UNDECLARED_SELECTOR = YES;
				GCC_WARN_UNINITIALIZED_AUTOS = YES_AGGRESSIVE;
				GCC_WARN_UNUSED_FUNCTION = YES;
				GCC_WARN_UNUSED_VARIABLE = YES;
				IPHONEOS_DEPLOYMENT_TARGET = 9.3;
				MTL_ENABLE_DEBUG_INFO = NO;
				SDKROOT = iphoneos;
				TARGETED_DEVICE_FAMILY = "1,2";
				VALIDATE_PRODUCT = YES;
			};
			name = Release;
		};
		D9CC69131D35839A001D4294 /* Debug */ = {
			isa = XCBuildConfiguration;
			buildSettings = {
				ASSETCATALOG_COMPILER_APPICON_NAME = AppIcon;
				CLANG_ENABLE_OBJC_ARC = NO;
				INFOPLIST_FILE = AdressBook/Info.plist;
				LD_RUNPATH_SEARCH_PATHS = "$(inherited) @executable_path/Frameworks";
				PRODUCT_BUNDLE_IDENTIFIER = com.JessMalesh.AdressBook;
				PRODUCT_NAME = "$(TARGET_NAME)";
			};
			name = Debug;
		};
		D9CC69141D35839A001D4294 /* Release */ = {
			isa = XCBuildConfiguration;
			buildSettings = {
				ASSETCATALOG_COMPILER_APPICON_NAME = AppIcon;
				CLANG_ENABLE_OBJC_ARC = NO;
				INFOPLIST_FILE = AdressBook/Info.plist;
				LD_RUNPATH_SEARCH_PATHS = "$(inherited) @executable_path/Frameworks";
				PRODUCT_BUNDLE_IDENTIFIER = com.JessMalesh.AdressBook;
				PRODUCT_NAME = "$(TARGET_NAME)";
			};
			name = Release;
		};
/* End XCBuildConfiguration section */

/* Begin XCConfigurationList section */
		D9CC68F61D35839A001D4294 /* Build configuration list for PBXProject "AdressBook" */ = {
			isa = XCConfigurationList;
			buildConfigurations = (
				D9CC69101D35839A001D4294 /* Debug */,
				D9CC69111D35839A001D4294 /* Release */,
			);
			defaultConfigurationIsVisible = 0;
			defaultConfigurationName = Release;
		};
		D9CC69121D35839A001D4294 /* Build configuration list for PBXNativeTarget "AdressBook" */ = {
			isa = XCConfigurationList;
			buildConfigurations = (
				D9CC69131D35839A001D4294 /* Debug */,
				D9CC69141D35839A001D4294 /* Release */,
			);
			defaultConfigurationIsVisible = 0;
		};
/* End XCConfigurationList section */
	};
	rootObject = D9CC68F31D35839A001D4294 /* Project object */;
}
