// !$*UTF8*$!
{
	archiveVersion = 1;
	classes = {
	};
	objectVersion = 46;
	objects = {

/* Begin PBXBuildFile section */
		0D2F3A241D342F8600EE7B77 /* main.m in Sources */ = {isa = PBXBuildFile; fileRef = 0D2F3A231D342F8600EE7B77 /* main.m */; };
		0D2F3A271D342F8600EE7B77 /* AppDelegate.m in Sources */ = {isa = PBXBuildFile; fileRef = 0D2F3A261D342F8600EE7B77 /* AppDelegate.m */; };
		0D2F3A2A1D342F8600EE7B77 /* ViewController.m in Sources */ = {isa = PBXBuildFile; fileRef = 0D2F3A291D342F8600EE7B77 /* ViewController.m */; };
		0D2F3A2D1D342F8600EE7B77 /* Main.storyboard in Resources */ = {isa = PBXBuildFile; fileRef = 0D2F3A2B1D342F8600EE7B77 /* Main.storyboard */; };
		0D2F3A2F1D342F8600EE7B77 /* Assets.xcassets in Resources */ = {isa = PBXBuildFile; fileRef = 0D2F3A2E1D342F8600EE7B77 /* Assets.xcassets */; };
		0D2F3A321D342F8600EE7B77 /* LaunchScreen.storyboard in Resources */ = {isa = PBXBuildFile; fileRef = 0D2F3A301D342F8600EE7B77 /* LaunchScreen.storyboard */; };
		0D2F3A3B1D343A2A00EE7B77 /* NSString+Array.m in Sources */ = {isa = PBXBuildFile; fileRef = 0D2F3A3A1D343A2A00EE7B77 /* NSString+Array.m */; };
		0D2F3A3E1D344A2200EE7B77 /* NSObject+Id.m in Sources */ = {isa = PBXBuildFile; fileRef = 0D2F3A3D1D344A2200EE7B77 /* NSObject+Id.m */; };
		0D2F3A421D345B8200EE7B77 /* Person.m in Sources */ = {isa = PBXBuildFile; fileRef = 0D2F3A411D345B8200EE7B77 /* Person.m */; };
		0D2F3A461D3462B500EE7B77 /* Employee.m in Sources */ = {isa = PBXBuildFile; fileRef = 0D2F3A451D3462B500EE7B77 /* Employee.m */; };
/* End PBXBuildFile section */

/* Begin PBXFileReference section */
		0D2F3A1F1D342F8600EE7B77 /* LabClass1Week6.app */ = {isa = PBXFileReference; explicitFileType = wrapper.application; includeInIndex = 0; path = LabClass1Week6.app; sourceTree = BUILT_PRODUCTS_DIR; };
		0D2F3A231D342F8600EE7B77 /* main.m */ = {isa = PBXFileReference; lastKnownFileType = sourcecode.c.objc; path = main.m; sourceTree = "<group>"; };
		0D2F3A251D342F8600EE7B77 /* AppDelegate.h */ = {isa = PBXFileReference; lastKnownFileType = sourcecode.c.h; path = AppDelegate.h; sourceTree = "<group>"; };
		0D2F3A261D342F8600EE7B77 /* AppDelegate.m */ = {isa = PBXFileReference; lastKnownFileType = sourcecode.c.objc; path = AppDelegate.m; sourceTree = "<group>"; };
		0D2F3A281D342F8600EE7B77 /* ViewController.h */ = {isa = PBXFileReference; lastKnownFileType = sourcecode.c.h; path = ViewController.h; sourceTree = "<group>"; };
		0D2F3A291D342F8600EE7B77 /* ViewController.m */ = {isa = PBXFileReference; lastKnownFileType = sourcecode.c.objc; path = ViewController.m; sourceTree = "<group>"; };
		0D2F3A2C1D342F8600EE7B77 /* Base */ = {isa = PBXFileReference; lastKnownFileType = file.storyboard; name = Base; path = Base.lproj/Main.storyboard; sourceTree = "<group>"; };
		0D2F3A2E1D342F8600EE7B77 /* Assets.xcassets */ = {isa = PBXFileReference; lastKnownFileType = folder.assetcatalog; path = Assets.xcassets; sourceTree = "<group>"; };
		0D2F3A311D342F8600EE7B77 /* Base */ = {isa = PBXFileReference; lastKnownFileType = file.storyboard; name = Base; path = Base.lproj/LaunchScreen.storyboard; sourceTree = "<group>"; };
		0D2F3A331D342F8600EE7B77 /* Info.plist */ = {isa = PBXFileReference; lastKnownFileType = text.plist.xml; path = Info.plist; sourceTree = "<group>"; };
		0D2F3A391D343A2A00EE7B77 /* NSString+Array.h */ = {isa = PBXFileReference; fileEncoding = 4; lastKnownFileType = sourcecode.c.h; path = "NSString+Array.h"; sourceTree = "<group>"; };
		0D2F3A3A1D343A2A00EE7B77 /* NSString+Array.m */ = {isa = PBXFileReference; fileEncoding = 4; lastKnownFileType = sourcecode.c.objc; path = "NSString+Array.m"; sourceTree = "<group>"; };
		0D2F3A3C1D344A2200EE7B77 /* NSObject+Id.h */ = {isa = PBXFileReference; fileEncoding = 4; lastKnownFileType = sourcecode.c.h; path = "NSObject+Id.h"; sourceTree = "<group>"; };
		0D2F3A3D1D344A2200EE7B77 /* NSObject+Id.m */ = {isa = PBXFileReference; fileEncoding = 4; lastKnownFileType = sourcecode.c.objc; path = "NSObject+Id.m"; sourceTree = "<group>"; };
		0D2F3A3F1D34595100EE7B77 /* LabProtocol.h */ = {isa = PBXFileReference; fileEncoding = 4; lastKnownFileType = sourcecode.c.h; path = LabProtocol.h; sourceTree = "<group>"; };
		0D2F3A401D345B8200EE7B77 /* Person.h */ = {isa = PBXFileReference; fileEncoding = 4; lastKnownFileType = sourcecode.c.h; path = Person.h; sourceTree = "<group>"; };
		0D2F3A411D345B8200EE7B77 /* Person.m */ = {isa = PBXFileReference; fileEncoding = 4; lastKnownFileType = sourcecode.c.objc; path = Person.m; sourceTree = "<group>"; };
		0D2F3A441D3462B500EE7B77 /* Employee.h */ = {isa = PBXFileReference; fileEncoding = 4; lastKnownFileType = sourcecode.c.h; name = Employee.h; path = ../Employee.h; sourceTree = "<group>"; };
		0D2F3A451D3462B500EE7B77 /* Employee.m */ = {isa = PBXFileReference; fileEncoding = 4; lastKnownFileType = sourcecode.c.objc; name = Employee.m; path = ../Employee.m; sourceTree = "<group>"; };
/* End PBXFileReference section */

/* Begin PBXFrameworksBuildPhase section */
		0D2F3A1C1D342F8600EE7B77 /* Frameworks */ = {
			isa = PBXFrameworksBuildPhase;
			buildActionMask = 2147483647;
			files = (
			);
			runOnlyForDeploymentPostprocessing = 0;
		};
/* End PBXFrameworksBuildPhase section */

/* Begin PBXGroup section */
		0D2F3A161D342F8600EE7B77 = {
			isa = PBXGroup;
			children = (
				0D2F3A211D342F8600EE7B77 /* LabClass1Week6 */,
				0D2F3A201D342F8600EE7B77 /* Products */,
			);
			sourceTree = "<group>";
		};
		0D2F3A201D342F8600EE7B77 /* Products */ = {
			isa = PBXGroup;
			children = (
				0D2F3A1F1D342F8600EE7B77 /* LabClass1Week6.app */,
			);
			name = Products;
			sourceTree = "<group>";
		};
		0D2F3A211D342F8600EE7B77 /* LabClass1Week6 */ = {
			isa = PBXGroup;
			children = (
				0D2F3A441D3462B500EE7B77 /* Employee.h */,
				0D2F3A451D3462B500EE7B77 /* Employee.m */,
				0D2F3A251D342F8600EE7B77 /* AppDelegate.h */,
				0D2F3A261D342F8600EE7B77 /* AppDelegate.m */,
				0D2F3A281D342F8600EE7B77 /* ViewController.h */,
				0D2F3A291D342F8600EE7B77 /* ViewController.m */,
				0D2F3A3F1D34595100EE7B77 /* LabProtocol.h */,
				0D2F3A401D345B8200EE7B77 /* Person.h */,
				0D2F3A411D345B8200EE7B77 /* Person.m */,
				0D2F3A391D343A2A00EE7B77 /* NSString+Array.h */,
				0D2F3A3A1D343A2A00EE7B77 /* NSString+Array.m */,
				0D2F3A3C1D344A2200EE7B77 /* NSObject+Id.h */,
				0D2F3A3D1D344A2200EE7B77 /* NSObject+Id.m */,
				0D2F3A2B1D342F8600EE7B77 /* Main.storyboard */,
				0D2F3A2E1D342F8600EE7B77 /* Assets.xcassets */,
				0D2F3A301D342F8600EE7B77 /* LaunchScreen.storyboard */,
				0D2F3A331D342F8600EE7B77 /* Info.plist */,
				0D2F3A221D342F8600EE7B77 /* Supporting Files */,
			);
			path = LabClass1Week6;
			sourceTree = "<group>";
		};
		0D2F3A221D342F8600EE7B77 /* Supporting Files */ = {
			isa = PBXGroup;
			children = (
				0D2F3A231D342F8600EE7B77 /* main.m */,
			);
			name = "Supporting Files";
			sourceTree = "<group>";
		};
/* End PBXGroup section */

/* Begin PBXNativeTarget section */
		0D2F3A1E1D342F8600EE7B77 /* LabClass1Week6 */ = {
			isa = PBXNativeTarget;
			buildConfigurationList = 0D2F3A361D342F8600EE7B77 /* Build configuration list for PBXNativeTarget "LabClass1Week6" */;
			buildPhases = (
				0D2F3A1B1D342F8600EE7B77 /* Sources */,
				0D2F3A1C1D342F8600EE7B77 /* Frameworks */,
				0D2F3A1D1D342F8600EE7B77 /* Resources */,
			);
			buildRules = (
			);
			dependencies = (
			);
			name = LabClass1Week6;
			productName = LabClass1Week6;
			productReference = 0D2F3A1F1D342F8600EE7B77 /* LabClass1Week6.app */;
			productType = "com.apple.product-type.application";
		};
/* End PBXNativeTarget section */

/* Begin PBXProject section */
		0D2F3A171D342F8600EE7B77 /* Project object */ = {
			isa = PBXProject;
			attributes = {
				LastUpgradeCheck = 0730;
				ORGANIZATIONNAME = "Erin Roby";
				TargetAttributes = {
					0D2F3A1E1D342F8600EE7B77 = {
						CreatedOnToolsVersion = 7.3.1;
					};
				};
			};
			buildConfigurationList = 0D2F3A1A1D342F8600EE7B77 /* Build configuration list for PBXProject "LabClass1Week6" */;
			compatibilityVersion = "Xcode 3.2";
			developmentRegion = English;
			hasScannedForEncodings = 0;
			knownRegions = (
				en,
				Base,
			);
			mainGroup = 0D2F3A161D342F8600EE7B77;
			productRefGroup = 0D2F3A201D342F8600EE7B77 /* Products */;
			projectDirPath = "";
			projectRoot = "";
			targets = (
				0D2F3A1E1D342F8600EE7B77 /* LabClass1Week6 */,
			);
		};
/* End PBXProject section */

/* Begin PBXResourcesBuildPhase section */
		0D2F3A1D1D342F8600EE7B77 /* Resources */ = {
			isa = PBXResourcesBuildPhase;
			buildActionMask = 2147483647;
			files = (
				0D2F3A321D342F8600EE7B77 /* LaunchScreen.storyboard in Resources */,
				0D2F3A2F1D342F8600EE7B77 /* Assets.xcassets in Resources */,
				0D2F3A2D1D342F8600EE7B77 /* Main.storyboard in Resources */,
			);
			runOnlyForDeploymentPostprocessing = 0;
		};
/* End PBXResourcesBuildPhase section */

/* Begin PBXSourcesBuildPhase section */
		0D2F3A1B1D342F8600EE7B77 /* Sources */ = {
			isa = PBXSourcesBuildPhase;
			buildActionMask = 2147483647;
			files = (
				0D2F3A421D345B8200EE7B77 /* Person.m in Sources */,
				0D2F3A2A1D342F8600EE7B77 /* ViewController.m in Sources */,
				0D2F3A3E1D344A2200EE7B77 /* NSObject+Id.m in Sources */,
				0D2F3A3B1D343A2A00EE7B77 /* NSString+Array.m in Sources */,
				0D2F3A271D342F8600EE7B77 /* AppDelegate.m in Sources */,
				0D2F3A241D342F8600EE7B77 /* main.m in Sources */,
				0D2F3A461D3462B500EE7B77 /* Employee.m in Sources */,
			);
			runOnlyForDeploymentPostprocessing = 0;
		};
/* End PBXSourcesBuildPhase section */

/* Begin PBXVariantGroup section */
		0D2F3A2B1D342F8600EE7B77 /* Main.storyboard */ = {
			isa = PBXVariantGroup;
			children = (
				0D2F3A2C1D342F8600EE7B77 /* Base */,
			);
			name = Main.storyboard;
			sourceTree = "<group>";
		};
		0D2F3A301D342F8600EE7B77 /* LaunchScreen.storyboard */ = {
			isa = PBXVariantGroup;
			children = (
				0D2F3A311D342F8600EE7B77 /* Base */,
			);
			name = LaunchScreen.storyboard;
			sourceTree = "<group>";
		};
/* End PBXVariantGroup section */

/* Begin XCBuildConfiguration section */
		0D2F3A341D342F8600EE7B77 /* Debug */ = {
			isa = XCBuildConfiguration;
			buildSettings = {
				ALWAYS_SEARCH_USER_PATHS = NO;
				CLANG_ANALYZER_NONNULL = YES;
				CLANG_CXX_LANGUAGE_STANDARD = "gnu++0x";
				CLANG_CXX_LIBRARY = "libc++";
				CLANG_ENABLE_MODULES = YES;
				CLANG_ENABLE_OBJC_ARC = YES;
				CLANG_WARN_BOOL_CONVERSION = YES;
				CLANG_WARN_CONSTANT_CONVERSION = YES;
				CLANG_WARN_DIRECT_OBJC_ISA_USAGE = YES_ERROR;
				CLANG_WARN_EMPTY_BODY = YES;
				CLANG_WARN_ENUM_CONVERSION = YES;
				CLANG_WARN_INT_CONVERSION = YES;
				CLANG_WARN_OBJC_ROOT_CLASS = YES_ERROR;
				CLANG_WARN_UNREACHABLE_CODE = YES;
				CLANG_WARN__DUPLICATE_METHOD_MATCH = YES;
				"CODE_SIGN_IDENTITY[sdk=iphoneos*]" = "iPhone Developer";
				COPY_PHASE_STRIP = NO;
				DEBUG_INFORMATION_FORMAT = dwarf;
				ENABLE_STRICT_OBJC_MSGSEND = YES;
				ENABLE_TESTABILITY = YES;
				GCC_C_LANGUAGE_STANDARD = gnu99;
				GCC_DYNAMIC_NO_PIC = NO;
				GCC_NO_COMMON_BLOCKS = YES;
				GCC_OPTIMIZATION_LEVEL = 0;
				GCC_PREPROCESSOR_DEFINITIONS = (
					"DEBUG=1",
					"$(inherited)",
				);
				GCC_WARN_64_TO_32_BIT_CONVERSION = YES;
				GCC_WARN_ABOUT_RETURN_TYPE = YES_ERROR;
				GCC_WARN_UNDECLARED_SELECTOR = YES;
				GCC_WARN_UNINITIALIZED_AUTOS = YES_AGGRESSIVE;
				GCC_WARN_UNUSED_FUNCTION = YES;
				GCC_WARN_UNUSED_VARIABLE = YES;
				IPHONEOS_DEPLOYMENT_TARGET = 9.3;
				MTL_ENABLE_DEBUG_INFO = YES;
				ONLY_ACTIVE_ARCH = YES;
				SDKROOT = iphoneos;
			};
			name = Debug;
		};
		0D2F3A351D342F8600EE7B77 /* Release */ = {
			isa = XCBuildConfiguration;
			buildSettings = {
				ALWAYS_SEARCH_USER_PATHS = NO;
				CLANG_ANALYZER_NONNULL = YES;
				CLANG_CXX_LANGUAGE_STANDARD = "gnu++0x";
				CLANG_CXX_LIBRARY = "libc++";
				CLANG_ENABLE_MODULES = YES;
				CLANG_ENABLE_OBJC_ARC = YES;
				CLANG_WARN_BOOL_CONVERSION = YES;
				CLANG_WARN_CONSTANT_CONVERSION = YES;
				CLANG_WARN_DIRECT_OBJC_ISA_USAGE = YES_ERROR;
				CLANG_WARN_EMPTY_BODY = YES;
				CLANG_WARN_ENUM_CONVERSION = YES;
				CLANG_WARN_INT_CONVERSION = YES;
				CLANG_WARN_OBJC_ROOT_CLASS = YES_ERROR;
				CLANG_WARN_UNREACHABLE_CODE = YES;
				CLANG_WARN__DUPLICATE_METHOD_MATCH = YES;
				"CODE_SIGN_IDENTITY[sdk=iphoneos*]" = "iPhone Developer";
				COPY_PHASE_STRIP = NO;
				DEBUG_INFORMATION_FORMAT = "dwarf-with-dsym";
				ENABLE_NS_ASSERTIONS = NO;
				ENABLE_STRICT_OBJC_MSGSEND = YES;
				GCC_C_LANGUAGE_STANDARD = gnu99;
				GCC_NO_COMMON_BLOCKS = YES;
				GCC_WARN_64_TO_32_BIT_CONVERSION = YES;
				GCC_WARN_ABOUT_RETURN_TYPE = YES_ERROR;
				GCC_WARN_UNDECLARED_SELECTOR = YES;
				GCC_WARN_UNINITIALIZED_AUTOS = YES_AGGRESSIVE;
				GCC_WARN_UNUSED_FUNCTION = YES;
				GCC_WARN_UNUSED_VARIABLE = YES;
				IPHONEOS_DEPLOYMENT_TARGET = 9.3;
				MTL_ENABLE_DEBUG_INFO = NO;
				SDKROOT = iphoneos;
				VALIDATE_PRODUCT = YES;
			};
			name = Release;
		};
		0D2F3A371D342F8600EE7B77 /* Debug */ = {
			isa = XCBuildConfiguration;
			buildSettings = {
				ASSETCATALOG_COMPILER_APPICON_NAME = AppIcon;
				INFOPLIST_FILE = LabClass1Week6/Info.plist;
				LD_RUNPATH_SEARCH_PATHS = "$(inherited) @executable_path/Frameworks";
				PRODUCT_BUNDLE_IDENTIFIER = "Erin-Roby.LabClass1Week6";
				PRODUCT_NAME = "$(TARGET_NAME)";
			};
			name = Debug;
		};
		0D2F3A381D342F8600EE7B77 /* Release */ = {
			isa = XCBuildConfiguration;
			buildSettings = {
				ASSETCATALOG_COMPILER_APPICON_NAME = AppIcon;
				INFOPLIST_FILE = LabClass1Week6/Info.plist;
				LD_RUNPATH_SEARCH_PATHS = "$(inherited) @executable_path/Frameworks";
				PRODUCT_BUNDLE_IDENTIFIER = "Erin-Roby.LabClass1Week6";
				PRODUCT_NAME = "$(TARGET_NAME)";
			};
			name = Release;
		};
/* End XCBuildConfiguration section */

/* Begin XCConfigurationList section */
		0D2F3A1A1D342F8600EE7B77 /* Build configuration list for PBXProject "LabClass1Week6" */ = {
			isa = XCConfigurationList;
			buildConfigurations = (
				0D2F3A341D342F8600EE7B77 /* Debug */,
				0D2F3A351D342F8600EE7B77 /* Release */,
			);
			defaultConfigurationIsVisible = 0;
			defaultConfigurationName = Release;
		};
		0D2F3A361D342F8600EE7B77 /* Build configuration list for PBXNativeTarget "LabClass1Week6" */ = {
			isa = XCConfigurationList;
			buildConfigurations = (
				0D2F3A371D342F8600EE7B77 /* Debug */,
				0D2F3A381D342F8600EE7B77 /* Release */,
			);
			defaultConfigurationIsVisible = 0;
		};
/* End XCConfigurationList section */
	};
	rootObject = 0D2F3A171D342F8600EE7B77 /* Project object */;
}
